
Microsoft Visual Studio Solution File, Format Version 12.00
# Visual Studio Version 17
VisualStudioVersion = 17.11.35327.3
MinimumVisualStudioVersion = 10.0.40219.1
Project("{FAE04EC0-301F-11D3-BF4B-00C04F79EFBC}") = "backed-.NET", "backed-.NET.csproj", "{303C3B21-2F0C-46BA-BFD2-D0A0EB52ABC6}"
EndProject
Global
	GlobalSection(SolutionConfigurationPlatforms) = preSolution
		Debug|Any CPU = Debug|Any CPU
		Release|Any CPU = Release|Any CPU
	EndGlobalSection
	GlobalSection(ProjectConfigurationPlatforms) = postSolution
		{303C3B21-2F0C-46BA-BFD2-D0A0EB52ABC6}.Debug|Any CPU.ActiveCfg = Debug|Any CPU
		{303C3B21-2F0C-46BA-BFD2-D0A0EB52ABC6}.Debug|Any CPU.Build.0 = Debug|Any CPU
		{303C3B21-2F0C-46BA-BFD2-D0A0EB52ABC6}.Release|Any CPU.ActiveCfg = Release|Any CPU
		{303C3B21-2F0C-46BA-BFD2-D0A0EB52ABC6}.Release|Any CPU.Build.0 = Release|Any CPU
	EndGlobalSection
	GlobalSection(SolutionProperties) = preSolution
		HideSolutionNode = FALSE
	EndGlobalSection
	GlobalSection(ExtensibilityGlobals) = postSolution
		SolutionGuid = {999496DA-B8B5-4266-B2E1-9A1C09B9CD06}
	EndGlobalSection
EndGlobal
